{
  "version": 4,
  "terraform_version": "1.15.6",
  "serial": 6,
  "lineage": "e9a48602-7fe7-1b4f-6d25-b0538bbdf7bd",
  "outputs": {
    "app_url": {
      "value": "http://localhost:8001",
      "type": "string"
    },
    "container_id": {
      "value": null,
      "type": "string"
    },
    "network_name": {
      "value": "sentiment-ai_cicd-network",
      "type": "string"
    }
  },
  "resources": [
    {
      "mode": "managed",
      "type": "docker_image",
      "name": "sentiment",
      "provider": "provider[\"registry.terraform.io/kreuzwerker/docker\"]",
      "instances": [
        {
          "schema_version": 0,
          "attributes": {
            "build": [],
            "force_remove": null,
            "id": "sha256:469502e7004515575d8a9452aa451340ff632121c201f5e8898d7a990bf9cbdcsentiment-ai:latest",
            "image_id": "sha256:469502e7004515575d8a9452aa451340ff632121c201f5e8898d7a990bf9cbdc",
            "keep_locally": true,
            "name": "sentiment-ai:latest",
            "platform": null,
            "pull_triggers": null,
            "repo_digest": "sentiment-ai@sha256:469502e7004515575d8a9452aa451340ff632121c201f5e8898d7a990bf9cbdc",
            "timeouts": null,
            "triggers": null
          },
          "sensitive_attributes": [],
          "identity_schema_version": 0,
          "private": "eyJlMmJmYjczMC1lY2FhLTExZTYtOGY4OC0zNDM2M2JjN2M0YzAiOnsiY3JlYXRlIjoxMjAwMDAwMDAwMDAwLCJkZWxldGUiOjEyMDAwMDAwMDAwMDAsInVwZGF0ZSI6MTIwMDAwMDAwMDAwMH19"
        }
      ]
    },
    {
      "mode": "managed",
      "type": "docker_network",
      "name": "cicd",
      "provider": "provider[\"registry.terraform.io/kreuzwerker/docker\"]",
      "instances": [
        {
          "schema_version": 1,
          "attributes": {
            "attachable": false,
            "check_duplicate": null,
            "driver": "bridge",
            "id": "9eabc857a5bb174f3939aa9736bd6747317706c0f9c2c09a09b23241fd4e6af0",
            "ingress": false,
            "internal": false,
            "ipam_config": [
              {
                "aux_address": {},
                "gateway": "172.19.0.1",
                "ip_range": "",
                "subnet": "172.19.0.0/16"
              }
            ],
            "ipam_driver": "default",
            "ipam_options": {},
            "ipv6": false,
            "labels": [
              {
                "label": "com.docker.compose.config-hash",
                "value": "f65f52ba81f6d8afba0839274ccd574c189bbbfeb83b08f24001f221d1d4d52b"
              },
              {
                "label": "com.docker.compose.network",
                "value": "cicd-network"
              },
              {
                "label": "com.docker.compose.project",
                "value": "sentiment-ai"
              },
              {
                "label": "com.docker.compose.version",
                "value": "5.1.4"
              }
            ],
            "name": "sentiment-ai_cicd-network",
            "options": {
              "com.docker.network.enable_ipv4": "true",
              "com.docker.network.enable_ipv6": "false"
            },
            "scope": "local"
          },
          "sensitive_attributes": [],
          "identity_schema_version": 0,
          "private": "eyJzY2hlbWFfdmVyc2lvbiI6IjEifQ=="
        }
      ]
    }
  ],
  "check_results": null
}
